// !$*UTF8*$!
{
	archiveVersion = 1;
	classes = {
	};
	objectVersion = 46;
	objects = {

/* Begin PBXBuildFile section */
		83124F1319AD81C3006B56FA /* Foundation.framework in Frameworks */ = {isa = PBXBuildFile; fileRef = 83124F1219AD81C3006B56FA /* Foundation.framework */; };
		83124F1519AD81C3006B56FA /* CoreGraphics.framework in Frameworks */ = {isa = PBXBuildFile; fileRef = 83124F1419AD81C3006B56FA /* CoreGraphics.framework */; };
		83124F1719AD81C3006B56FA /* UIKit.framework in Frameworks */ = {isa = PBXBuildFile; fileRef = 83124F1619AD81C3006B56FA /* UIKit.framework */; };
		83124F1D19AD81C3006B56FA /* InfoPlist.strings in Resources */ = {isa = PBXBuildFile; fileRef = 83124F1B19AD81C3006B56FA /* InfoPlist.strings */; };
		83124F1F19AD81C3006B56FA /* main.m in Sources */ = {isa = PBXBuildFile; fileRef = 83124F1E19AD81C3006B56FA /* main.m */; };
		83124F2319AD81C3006B56FA /* ContactsAppDelegate.m in Sources */ = {isa = PBXBuildFile; fileRef = 83124F2219AD81C3006B56FA /* ContactsAppDelegate.m */; };
		83124F2519AD81C3006B56FA /* Images.xcassets in Resources */ = {isa = PBXBuildFile; fileRef = 83124F2419AD81C3006B56FA /* Images.xcassets */; };
		83124F2C19AD81C4006B56FA /* XCTest.framework in Frameworks */ = {isa = PBXBuildFile; fileRef = 83124F2B19AD81C4006B56FA /* XCTest.framework */; };
		83124F2D19AD81C4006B56FA /* Foundation.framework in Frameworks */ = {isa = PBXBuildFile; fileRef = 83124F1219AD81C3006B56FA /* Foundation.framework */; };
		83124F2E19AD81C4006B56FA /* UIKit.framework in Frameworks */ = {isa = PBXBuildFile; fileRef = 83124F1619AD81C3006B56FA /* UIKit.framework */; };
		83124F3619AD81C4006B56FA /* InfoPlist.strings in Resources */ = {isa = PBXBuildFile; fileRef = 83124F3419AD81C4006B56FA /* InfoPlist.strings */; };
		83124F3819AD81C4006B56FA /* ContactListAppTests.m in Sources */ = {isa = PBXBuildFile; fileRef = 83124F3719AD81C4006B56FA /* ContactListAppTests.m */; };
		8B960CB419AF7697006E1301 /* ContactsListViewController.m in Sources */ = {isa = PBXBuildFile; fileRef = 8B960CB319AF7697006E1301 /* ContactsListViewController.m */; };
		8B960CB719AF76DD006E1301 /* ContactDetailViewController.m in Sources */ = {isa = PBXBuildFile; fileRef = 8B960CB619AF76DD006E1301 /* ContactDetailViewController.m */; };
		8B960CB919AF771E006E1301 /* ContactsListViewController.xib in Resources */ = {isa = PBXBuildFile; fileRef = 8B960CB819AF771E006E1301 /* ContactsListViewController.xib */; };
		8B960CCC19B0D10E006E1301 /* ContactTableViewCell.m in Sources */ = {isa = PBXBuildFile; fileRef = 8B960CCB19B0D10E006E1301 /* ContactTableViewCell.m */; };
		8B960CCF19B0D19F006E1301 /* ContactModel.m in Sources */ = {isa = PBXBuildFile; fileRef = 8B960CCE19B0D19F006E1301 /* ContactModel.m */; };
/* End PBXBuildFile section */

/* Begin PBXContainerItemProxy section */
		83124F2F19AD81C4006B56FA /* PBXContainerItemProxy */ = {
			isa = PBXContainerItemProxy;
			containerPortal = 83124F0719AD81C3006B56FA /* Project object */;
			proxyType = 1;
			remoteGlobalIDString = 83124F0E19AD81C3006B56FA;
			remoteInfo = ContactListApp;
		};
/* End PBXContainerItemProxy section */

/* Begin PBXFileReference section */
		83124F0F19AD81C3006B56FA /* ContactListApp.app */ = {isa = PBXFileReference; explicitFileType = wrapper.application; includeInIndex = 0; path = ContactListApp.app; sourceTree = BUILT_PRODUCTS_DIR; };
		83124F1219AD81C3006B56FA /* Foundation.framework */ = {isa = PBXFileReference; lastKnownFileType = wrapper.framework; name = Foundation.framework; path = System/Library/Frameworks/Foundation.framework; sourceTree = SDKROOT; };
		83124F1419AD81C3006B56FA /* CoreGraphics.framework */ = {isa = PBXFileReference; lastKnownFileType = wrapper.framework; name = CoreGraphics.framework; path = System/Library/Frameworks/CoreGraphics.framework; sourceTree = SDKROOT; };
		83124F1619AD81C3006B56FA /* UIKit.framework */ = {isa = PBXFileReference; lastKnownFileType = wrapper.framework; name = UIKit.framework; path = System/Library/Frameworks/UIKit.framework; sourceTree = SDKROOT; };
		83124F1A19AD81C3006B56FA /* ContactListApp-Info.plist */ = {isa = PBXFileReference; lastKnownFileType = text.plist.xml; path = "ContactListApp-Info.plist"; sourceTree = "<group>"; };
		83124F1C19AD81C3006B56FA /* en */ = {isa = PBXFileReference; lastKnownFileType = text.plist.strings; name = en; path = en.lproj/InfoPlist.strings; sourceTree = "<group>"; };
		83124F1E19AD81C3006B56FA /* main.m */ = {isa = PBXFileReference; lastKnownFileType = sourcecode.c.objc; path = main.m; sourceTree = "<group>"; };
		83124F2019AD81C3006B56FA /* ContactListApp-Prefix.pch */ = {isa = PBXFileReference; lastKnownFileType = sourcecode.c.h; path = "ContactListApp-Prefix.pch"; sourceTree = "<group>"; };
		83124F2119AD81C3006B56FA /* ContactsAppDelegate.h */ = {isa = PBXFileReference; lastKnownFileType = sourcecode.c.h; path = ContactsAppDelegate.h; sourceTree = "<group>"; };
		83124F2219AD81C3006B56FA /* ContactsAppDelegate.m */ = {isa = PBXFileReference; lastKnownFileType = sourcecode.c.objc; path = ContactsAppDelegate.m; sourceTree = "<group>"; };
		83124F2419AD81C3006B56FA /* Images.xcassets */ = {isa = PBXFileReference; lastKnownFileType = folder.assetcatalog; path = Images.xcassets; sourceTree = "<group>"; };
		83124F2A19AD81C4006B56FA /* ContactListAppTests.xctest */ = {isa = PBXFileReference; explicitFileType = wrapper.cfbundle; includeInIndex = 0; path = ContactListAppTests.xctest; sourceTree = BUILT_PRODUCTS_DIR; };
		83124F2B19AD81C4006B56FA /* XCTest.framework */ = {isa = PBXFileReference; lastKnownFileType = wrapper.framework; name = XCTest.framework; path = Library/Frameworks/XCTest.framework; sourceTree = DEVELOPER_DIR; };
		83124F3319AD81C4006B56FA /* ContactListAppTests-Info.plist */ = {isa = PBXFileReference; lastKnownFileType = text.plist.xml; path = "ContactListAppTests-Info.plist"; sourceTree = "<group>"; };
		83124F3519AD81C4006B56FA /* en */ = {isa = PBXFileReference; lastKnownFileType = text.plist.strings; name = en; path = en.lproj/InfoPlist.strings; sourceTree = "<group>"; };
		83124F3719AD81C4006B56FA /* ContactListAppTests.m */ = {isa = PBXFileReference; lastKnownFileType = sourcecode.c.objc; path = ContactListAppTests.m; sourceTree = "<group>"; };
		8B960CB219AF7697006E1301 /* ContactsListViewController.h */ = {isa = PBXFileReference; fileEncoding = 4; lastKnownFileType = sourcecode.c.h; path = ContactsListViewController.h; sourceTree = "<group>"; };
		8B960CB319AF7697006E1301 /* ContactsListViewController.m */ = {isa = PBXFileReference; fileEncoding = 4; lastKnownFileType = sourcecode.c.objc; path = ContactsListViewController.m; sourceTree = "<group>"; };
		8B960CB519AF76DD006E1301 /* ContactDetailViewController.h */ = {isa = PBXFileReference; fileEncoding = 4; lastKnownFileType = sourcecode.c.h; path = ContactDetailViewController.h; sourceTree = "<group>"; };
		8B960CB619AF76DD006E1301 /* ContactDetailViewController.m */ = {isa = PBXFileReference; fileEncoding = 4; lastKnownFileType = sourcecode.c.objc; path = ContactDetailViewController.m; sourceTree = "<group>"; };
		8B960CB819AF771E006E1301 /* ContactsListViewController.xib */ = {isa = PBXFileReference; fileEncoding = 4; lastKnownFileType = file.xib; path = ContactsListViewController.xib; sourceTree = "<group>"; };
		8B960CCA19B0D10E006E1301 /* ContactTableViewCell.h */ = {isa = PBXFileReference; fileEncoding = 4; lastKnownFileType = sourcecode.c.h; path = ContactTableViewCell.h; sourceTree = "<group>"; };
		8B960CCB19B0D10E006E1301 /* ContactTableViewCell.m */ = {isa = PBXFileReference; fileEncoding = 4; lastKnownFileType = sourcecode.c.objc; path = ContactTableViewCell.m; sourceTree = "<group>"; };
		8B960CCD19B0D19F006E1301 /* ContactModel.h */ = {isa = PBXFileReference; fileEncoding = 4; lastKnownFileType = sourcecode.c.h; path = ContactModel.h; sourceTree = "<group>"; };
		8B960CCE19B0D19F006E1301 /* ContactModel.m */ = {isa = PBXFileReference; fileEncoding = 4; lastKnownFileType = sourcecode.c.objc; path = ContactModel.m; sourceTree = "<group>"; };
/* End PBXFileReference section */

/* Begin PBXFrameworksBuildPhase section */
		83124F0C19AD81C3006B56FA /* Frameworks */ = {
			isa = PBXFrameworksBuildPhase;
			buildActionMask = 2147483647;
			files = (
				83124F1519AD81C3006B56FA /* CoreGraphics.framework in Frameworks */,
				83124F1719AD81C3006B56FA /* UIKit.framework in Frameworks */,
				83124F1319AD81C3006B56FA /* Foundation.framework in Frameworks */,
			);
			runOnlyForDeploymentPostprocessing = 0;
		};
		83124F2719AD81C4006B56FA /* Frameworks */ = {
			isa = PBXFrameworksBuildPhase;
			buildActionMask = 2147483647;
			files = (
				83124F2C19AD81C4006B56FA /* XCTest.framework in Frameworks */,
				83124F2E19AD81C4006B56FA /* UIKit.framework in Frameworks */,
				83124F2D19AD81C4006B56FA /* Foundation.framework in Frameworks */,
			);
			runOnlyForDeploymentPostprocessing = 0;
		};
/* End PBXFrameworksBuildPhase section */

/* Begin PBXGroup section */
		83124F0619AD81C3006B56FA = {
			isa = PBXGroup;
			children = (
				83124F1819AD81C3006B56FA /* ContactListApp */,
				83124F3119AD81C4006B56FA /* ContactListAppTests */,
				83124F1119AD81C3006B56FA /* Frameworks */,
				83124F1019AD81C3006B56FA /* Products */,
			);
			sourceTree = "<group>";
		};
		83124F1019AD81C3006B56FA /* Products */ = {
			isa = PBXGroup;
			children = (
				83124F0F19AD81C3006B56FA /* ContactListApp.app */,
				83124F2A19AD81C4006B56FA /* ContactListAppTests.xctest */,
			);
			name = Products;
			sourceTree = "<group>";
		};
		83124F1119AD81C3006B56FA /* Frameworks */ = {
			isa = PBXGroup;
			children = (
				83124F1219AD81C3006B56FA /* Foundation.framework */,
				83124F1419AD81C3006B56FA /* CoreGraphics.framework */,
				83124F1619AD81C3006B56FA /* UIKit.framework */,
				83124F2B19AD81C4006B56FA /* XCTest.framework */,
			);
			name = Frameworks;
			sourceTree = "<group>";
		};
		83124F1819AD81C3006B56FA /* ContactListApp */ = {
			isa = PBXGroup;
			children = (
				8B960CB219AF7697006E1301 /* ContactsListViewController.h */,
				8B960CB319AF7697006E1301 /* ContactsListViewController.m */,
				8B960CB819AF771E006E1301 /* ContactsListViewController.xib */,
				8B960CCA19B0D10E006E1301 /* ContactTableViewCell.h */,
				8B960CCB19B0D10E006E1301 /* ContactTableViewCell.m */,
				8B960CB519AF76DD006E1301 /* ContactDetailViewController.h */,
				8B960CB619AF76DD006E1301 /* ContactDetailViewController.m */,
				83124F2119AD81C3006B56FA /* ContactsAppDelegate.h */,
				83124F2219AD81C3006B56FA /* ContactsAppDelegate.m */,
				8B960CCD19B0D19F006E1301 /* ContactModel.h */,
				8B960CCE19B0D19F006E1301 /* ContactModel.m */,
				83124F2419AD81C3006B56FA /* Images.xcassets */,
				83124F1919AD81C3006B56FA /* Supporting Files */,
			);
			path = ContactListApp;
			sourceTree = "<group>";
		};
		83124F1919AD81C3006B56FA /* Supporting Files */ = {
			isa = PBXGroup;
			children = (
				83124F1A19AD81C3006B56FA /* ContactListApp-Info.plist */,
				83124F1B19AD81C3006B56FA /* InfoPlist.strings */,
				83124F1E19AD81C3006B56FA /* main.m */,
				83124F2019AD81C3006B56FA /* ContactListApp-Prefix.pch */,
			);
			name = "Supporting Files";
			sourceTree = "<group>";
		};
		83124F3119AD81C4006B56FA /* ContactListAppTests */ = {
			isa = PBXGroup;
			children = (
				83124F3719AD81C4006B56FA /* ContactListAppTests.m */,
				83124F3219AD81C4006B56FA /* Supporting Files */,
			);
			path = ContactListAppTests;
			sourceTree = "<group>";
		};
		83124F3219AD81C4006B56FA /* Supporting Files */ = {
			isa = PBXGroup;
			children = (
				83124F3319AD81C4006B56FA /* ContactListAppTests-Info.plist */,
				83124F3419AD81C4006B56FA /* InfoPlist.strings */,
			);
			name = "Supporting Files";
			sourceTree = "<group>";
		};
/* End PBXGroup section */

/* Begin PBXNativeTarget section */
		83124F0E19AD81C3006B56FA /* ContactListApp */ = {
			isa = PBXNativeTarget;
			buildConfigurationList = 83124F3B19AD81C4006B56FA /* Build configuration list for PBXNativeTarget "ContactListApp" */;
			buildPhases = (
				83124F0B19AD81C3006B56FA /* Sources */,
				83124F0C19AD81C3006B56FA /* Frameworks */,
				83124F0D19AD81C3006B56FA /* Resources */,
			);
			buildRules = (
			);
			dependencies = (
			);
			name = ContactListApp;
			productName = ContactListApp;
			productReference = 83124F0F19AD81C3006B56FA /* ContactListApp.app */;
			productType = "com.apple.product-type.application";
		};
		83124F2919AD81C4006B56FA /* ContactListAppTests */ = {
			isa = PBXNativeTarget;
			buildConfigurationList = 83124F3E19AD81C4006B56FA /* Build configuration list for PBXNativeTarget "ContactListAppTests" */;
			buildPhases = (
				83124F2619AD81C4006B56FA /* Sources */,
				83124F2719AD81C4006B56FA /* Frameworks */,
				83124F2819AD81C4006B56FA /* Resources */,
			);
			buildRules = (
			);
			dependencies = (
				83124F3019AD81C4006B56FA /* PBXTargetDependency */,
			);
			name = ContactListAppTests;
			productName = ContactListAppTests;
			productReference = 83124F2A19AD81C4006B56FA /* ContactListAppTests.xctest */;
			productType = "com.apple.product-type.bundle.unit-test";
		};
/* End PBXNativeTarget section */

/* Begin PBXProject section */
		83124F0719AD81C3006B56FA /* Project object */ = {
			isa = PBXProject;
			attributes = {
				CLASSPREFIX = Happiness;
				LastUpgradeCheck = 0510;
				ORGANIZATIONNAME = "maxi micciullo";
				TargetAttributes = {
					83124F2919AD81C4006B56FA = {
						TestTargetID = 83124F0E19AD81C3006B56FA;
					};
				};
			};
			buildConfigurationList = 83124F0A19AD81C3006B56FA /* Build configuration list for PBXProject "ContactListApp" */;
			compatibilityVersion = "Xcode 3.2";
			developmentRegion = English;
			hasScannedForEncodings = 0;
			knownRegions = (
				en,
			);
			mainGroup = 83124F0619AD81C3006B56FA;
			productRefGroup = 83124F1019AD81C3006B56FA /* Products */;
			projectDirPath = "";
			projectRoot = "";
			targets = (
				83124F0E19AD81C3006B56FA /* ContactListApp */,
				83124F2919AD81C4006B56FA /* ContactListAppTests */,
			);
		};
/* End PBXProject section */

/* Begin PBXResourcesBuildPhase section */
		83124F0D19AD81C3006B56FA /* Resources */ = {
			isa = PBXResourcesBuildPhase;
			buildActionMask = 2147483647;
			files = (
				83124F1D19AD81C3006B56FA /* InfoPlist.strings in Resources */,
				83124F2519AD81C3006B56FA /* Images.xcassets in Resources */,
				8B960CB919AF771E006E1301 /* ContactsListViewController.xib in Resources */,
			);
			runOnlyForDeploymentPostprocessing = 0;
		};
		83124F2819AD81C4006B56FA /* Resources */ = {
			isa = PBXResourcesBuildPhase;
			buildActionMask = 2147483647;
			files = (
				83124F3619AD81C4006B56FA /* InfoPlist.strings in Resources */,
			);
			runOnlyForDeploymentPostprocessing = 0;
		};
/* End PBXResourcesBuildPhase section */

/* Begin PBXSourcesBuildPhase section */
		83124F0B19AD81C3006B56FA /* Sources */ = {
			isa = PBXSourcesBuildPhase;
			buildActionMask = 2147483647;
			files = (
				8B960CCF19B0D19F006E1301 /* ContactModel.m in Sources */,
				83124F2319AD81C3006B56FA /* ContactsAppDelegate.m in Sources */,
				8B960CB419AF7697006E1301 /* ContactsListViewController.m in Sources */,
				8B960CCC19B0D10E006E1301 /* ContactTableViewCell.m in Sources */,
				8B960CB719AF76DD006E1301 /* ContactDetailViewController.m in Sources */,
				83124F1F19AD81C3006B56FA /* main.m in Sources */,
			);
			runOnlyForDeploymentPostprocessing = 0;
		};
		83124F2619AD81C4006B56FA /* Sources */ = {
			isa = PBXSourcesBuildPhase;
			buildActionMask = 2147483647;
			files = (
				83124F3819AD81C4006B56FA /* ContactListAppTests.m in Sources */,
			);
			runOnlyForDeploymentPostprocessing = 0;
		};
/* End PBXSourcesBuildPhase section */

/* Begin PBXTargetDependency section */
		83124F3019AD81C4006B56FA /* PBXTargetDependency */ = {
			isa = PBXTargetDependency;
			target = 83124F0E19AD81C3006B56FA /* ContactListApp */;
			targetProxy = 83124F2F19AD81C4006B56FA /* PBXContainerItemProxy */;
		};
/* End PBXTargetDependency section */

/* Begin PBXVariantGroup section */
		83124F1B19AD81C3006B56FA /* InfoPlist.strings */ = {
			isa = PBXVariantGroup;
			children = (
				83124F1C19AD81C3006B56FA /* en */,
			);
			name = InfoPlist.strings;
			sourceTree = "<group>";
		};
		83124F3419AD81C4006B56FA /* InfoPlist.strings */ = {
			isa = PBXVariantGroup;
			children = (
				83124F3519AD81C4006B56FA /* en */,
			);
			name = InfoPlist.strings;
			sourceTree = "<group>";
		};
/* End PBXVariantGroup section */

/* Begin XCBuildConfiguration section */
		83124F3919AD81C4006B56FA /* Debug */ = {
			isa = XCBuildConfiguration;
			buildSettings = {
				ALWAYS_SEARCH_USER_PATHS = NO;
				CLANG_CXX_LANGUAGE_STANDARD = "gnu++0x";
				CLANG_CXX_LIBRARY = "libc++";
				CLANG_ENABLE_MODULES = YES;
				CLANG_ENABLE_OBJC_ARC = YES;
				CLANG_WARN_BOOL_CONVERSION = YES;
				CLANG_WARN_CONSTANT_CONVERSION = YES;
				CLANG_WARN_DIRECT_OBJC_ISA_USAGE = YES_ERROR;
				CLANG_WARN_EMPTY_BODY = YES;
				CLANG_WARN_ENUM_CONVERSION = YES;
				CLANG_WARN_INT_CONVERSION = YES;
				CLANG_WARN_OBJC_ROOT_CLASS = YES_ERROR;
				CLANG_WARN__DUPLICATE_METHOD_MATCH = YES;
				"CODE_SIGN_IDENTITY[sdk=iphoneos*]" = "iPhone Developer";
				COPY_PHASE_STRIP = NO;
				GCC_C_LANGUAGE_STANDARD = gnu99;
				GCC_DYNAMIC_NO_PIC = NO;
				GCC_OPTIMIZATION_LEVEL = 0;
				GCC_PREPROCESSOR_DEFINITIONS = (
					"DEBUG=1",
					"$(inherited)",
				);
				GCC_SYMBOLS_PRIVATE_EXTERN = NO;
				GCC_WARN_64_TO_32_BIT_CONVERSION = YES;
				GCC_WARN_ABOUT_RETURN_TYPE = YES_ERROR;
				GCC_WARN_UNDECLARED_SELECTOR = YES;
				GCC_WARN_UNINITIALIZED_AUTOS = YES_AGGRESSIVE;
				GCC_WARN_UNUSED_FUNCTION = YES;
				GCC_WARN_UNUSED_VARIABLE = YES;
				IPHONEOS_DEPLOYMENT_TARGET = 7.1;
				ONLY_ACTIVE_ARCH = YES;
				SDKROOT = iphoneos;
			};
			name = Debug;
		};
		83124F3A19AD81C4006B56FA /* Release */ = {
			isa = XCBuildConfiguration;
			buildSettings = {
				ALWAYS_SEARCH_USER_PATHS = NO;
				CLANG_CXX_LANGUAGE_STANDARD = "gnu++0x";
				CLANG_CXX_LIBRARY = "libc++";
				CLANG_ENABLE_MODULES = YES;
				CLANG_ENABLE_OBJC_ARC = YES;
				CLANG_WARN_BOOL_CONVERSION = YES;
				CLANG_WARN_CONSTANT_CONVERSION = YES;
				CLANG_WARN_DIRECT_OBJC_ISA_USAGE = YES_ERROR;
				CLANG_WARN_EMPTY_BODY = YES;
				CLANG_WARN_ENUM_CONVERSION = YES;
				CLANG_WARN_INT_CONVERSION = YES;
				CLANG_WARN_OBJC_ROOT_CLASS = YES_ERROR;
				CLANG_WARN__DUPLICATE_METHOD_MATCH = YES;
				"CODE_SIGN_IDENTITY[sdk=iphoneos*]" = "iPhone Developer";
				COPY_PHASE_STRIP = YES;
				ENABLE_NS_ASSERTIONS = NO;
				GCC_C_LANGUAGE_STANDARD = gnu99;
				GCC_WARN_64_TO_32_BIT_CONVERSION = YES;
				GCC_WARN_ABOUT_RETURN_TYPE = YES_ERROR;
				GCC_WARN_UNDECLARED_SELECTOR = YES;
				GCC_WARN_UNINITIALIZED_AUTOS = YES_AGGRESSIVE;
				GCC_WARN_UNUSED_FUNCTION = YES;
				GCC_WARN_UNUSED_VARIABLE = YES;
				IPHONEOS_DEPLOYMENT_TARGET = 7.1;
				SDKROOT = iphoneos;
				VALIDATE_PRODUCT = YES;
			};
			name = Release;
		};
		83124F3C19AD81C4006B56FA /* Debug */ = {
			isa = XCBuildConfiguration;
			buildSettings = {
				ASSETCATALOG_COMPILER_APPICON_NAME = AppIcon;
				ASSETCATALOG_COMPILER_LAUNCHIMAGE_NAME = LaunchImage;
				GCC_PRECOMPILE_PREFIX_HEADER = YES;
				GCC_PREFIX_HEADER = "ContactListApp/ContactListApp-Prefix.pch";
				INFOPLIST_FILE = "ContactListApp/ContactListApp-Info.plist";
				PRODUCT_NAME = "$(TARGET_NAME)";
				WRAPPER_EXTENSION = app;
			};
			name = Debug;
		};
		83124F3D19AD81C4006B56FA /* Release */ = {
			isa = XCBuildConfiguration;
			buildSettings = {
				ASSETCATALOG_COMPILER_APPICON_NAME = AppIcon;
				ASSETCATALOG_COMPILER_LAUNCHIMAGE_NAME = LaunchImage;
				GCC_PRECOMPILE_PREFIX_HEADER = YES;
				GCC_PREFIX_HEADER = "ContactListApp/ContactListApp-Prefix.pch";
				INFOPLIST_FILE = "ContactListApp/ContactListApp-Info.plist";
				PRODUCT_NAME = "$(TARGET_NAME)";
				WRAPPER_EXTENSION = app;
			};
			name = Release;
		};
		83124F3F19AD81C4006B56FA /* Debug */ = {
			isa = XCBuildConfiguration;
			buildSettings = {
				BUNDLE_LOADER = "$(BUILT_PRODUCTS_DIR)/ContactListApp.app/ContactListApp";
				FRAMEWORK_SEARCH_PATHS = (
					"$(SDKROOT)/Developer/Library/Frameworks",
					"$(inherited)",
					"$(DEVELOPER_FRAMEWORKS_DIR)",
				);
				GCC_PRECOMPILE_PREFIX_HEADER = YES;
				GCC_PREFIX_HEADER = "ContactListApp/ContactListApp-Prefix.pch";
				GCC_PREPROCESSOR_DEFINITIONS = (
					"DEBUG=1",
					"$(inherited)",
				);
				INFOPLIST_FILE = "ContactListAppTests/ContactListAppTests-Info.plist";
				PRODUCT_NAME = "$(TARGET_NAME)";
				TEST_HOST = "$(BUNDLE_LOADER)";
				WRAPPER_EXTENSION = xctest;
			};
			name = Debug;
		};
		83124F4019AD81C4006B56FA /* Release */ = {
			isa = XCBuildConfiguration;
			buildSettings = {
				BUNDLE_LOADER = "$(BUILT_PRODUCTS_DIR)/ContactListApp.app/ContactListApp";
				FRAMEWORK_SEARCH_PATHS = (
					"$(SDKROOT)/Developer/Library/Frameworks",
					"$(inherited)",
					"$(DEVELOPER_FRAMEWORKS_DIR)",
				);
				GCC_PRECOMPILE_PREFIX_HEADER = YES;
				GCC_PREFIX_HEADER = "ContactListApp/ContactListApp-Prefix.pch";
				INFOPLIST_FILE = "ContactListAppTests/ContactListAppTests-Info.plist";
				PRODUCT_NAME = "$(TARGET_NAME)";
				TEST_HOST = "$(BUNDLE_LOADER)";
				WRAPPER_EXTENSION = xctest;
			};
			name = Release;
		};
/* End XCBuildConfiguration section */

/* Begin XCConfigurationList section */
		83124F0A19AD81C3006B56FA /* Build configuration list for PBXProject "ContactListApp" */ = {
			isa = XCConfigurationList;
			buildConfigurations = (
				83124F3919AD81C4006B56FA /* Debug */,
				83124F3A19AD81C4006B56FA /* Release */,
			);
			defaultConfigurationIsVisible = 0;
			defaultConfigurationName = Release;
		};
		83124F3B19AD81C4006B56FA /* Build configuration list for PBXNativeTarget "ContactListApp" */ = {
			isa = XCConfigurationList;
			buildConfigurations = (
				83124F3C19AD81C4006B56FA /* Debug */,
				83124F3D19AD81C4006B56FA /* Release */,
			);
			defaultConfigurationIsVisible = 0;
			defaultConfigurationName = Release;
		};
		83124F3E19AD81C4006B56FA /* Build configuration list for PBXNativeTarget "ContactListAppTests" */ = {
			isa = XCConfigurationList;
			buildConfigurations = (
				83124F3F19AD81C4006B56FA /* Debug */,
				83124F4019AD81C4006B56FA /* Release */,
			);
			defaultConfigurationIsVisible = 0;
			defaultConfigurationName = Release;
		};
/* End XCConfigurationList section */
	};
	rootObject = 83124F0719AD81C3006B56FA /* Project object */;
}
